// !$*UTF8*$!
{
	archiveVersion = 1;
	classes = {
	};
	objectVersion = 77;
	objects = {

/* Begin PBXBuildFile section */
		A16EADDB2CFB72DB006F9A58 /* ComposableArchitecture in Frameworks */ = {isa = PBXBuildFile; productRef = A16EADDA2CFB72DB006F9A58 /* ComposableArchitecture */; };
/* End PBXBuildFile section */

/* Begin PBXContainerItemProxy section */
		A17C00082CF7B44F002D3B4F /* PBXContainerItemProxy */ = {
			isa = PBXContainerItemProxy;
			containerPortal = A17CFFE12CF7B44E002D3B4F /* Project object */;
			proxyType = 1;
			remoteGlobalIDString = A17CFFE82CF7B44E002D3B4F;
			remoteInfo = WordCards;
		};
		A17CFFFE2CF7B44F002D3B4F /* PBXContainerItemProxy */ = {
			isa = PBXContainerItemProxy;
			containerPortal = A17CFFE12CF7B44E002D3B4F /* Project object */;
			proxyType = 1;
			remoteGlobalIDString = A17CFFE82CF7B44E002D3B4F;
			remoteInfo = WordCards;
		};
/* End PBXContainerItemProxy section */

/* Begin PBXFileReference section */
		A17C00072CF7B44F002D3B4F /* WordCardsUITests.xctest */ = {isa = PBXFileReference; explicitFileType = wrapper.cfbundle; includeInIndex = 0; path = WordCardsUITests.xctest; sourceTree = BUILT_PRODUCTS_DIR; };
		A17CFFE92CF7B44E002D3B4F /* WordCards.app */ = {isa = PBXFileReference; explicitFileType = wrapper.application; includeInIndex = 0; path = WordCards.app; sourceTree = BUILT_PRODUCTS_DIR; };
		A17CFFFD2CF7B44F002D3B4F /* WordCardsTests.xctest */ = {isa = PBXFileReference; explicitFileType = wrapper.cfbundle; includeInIndex = 0; path = WordCardsTests.xctest; sourceTree = BUILT_PRODUCTS_DIR; };
/* End PBXFileReference section */

/* Begin PBXFileSystemSynchronizedBuildFileExceptionSet section */
		A17C000F2CF7B44F002D3B4F /* Exceptions for "WordCards" folder in "WordCards" target */ = {
			isa = PBXFileSystemSynchronizedBuildFileExceptionSet;
			membershipExceptions = (
				Resources/Info.plist,
			);
			target = A17CFFE82CF7B44E002D3B4F /* WordCards */;
		};
/* End PBXFileSystemSynchronizedBuildFileExceptionSet section */

/* Begin PBXFileSystemSynchronizedRootGroup section */
		A17C00002CF7B44F002D3B4F /* WordCardsTests */ = {
			isa = PBXFileSystemSynchronizedRootGroup;
			path = WordCardsTests;
			sourceTree = "<group>";
		};
		A17C000A2CF7B44F002D3B4F /* WordCardsUITests */ = {
			isa = PBXFileSystemSynchronizedRootGroup;
			path = WordCardsUITests;
			sourceTree = "<group>";
		};
		A17CFFEB2CF7B44E002D3B4F /* WordCards */ = {
			isa = PBXFileSystemSynchronizedRootGroup;
			exceptions = (
				A17C000F2CF7B44F002D3B4F /* Exceptions for "WordCards" folder in "WordCards" target */,
			);
			path = WordCards;
			sourceTree = "<group>";
		};
/* End PBXFileSystemSynchronizedRootGroup section */

/* Begin PBXFrameworksBuildPhase section */
		A17C00042CF7B44F002D3B4F /* Frameworks */ = {
			isa = PBXFrameworksBuildPhase;
			buildActionMask = 2147483647;
			files = (
			);
			runOnlyForDeploymentPostprocessing = 0;
		};
		A17CFFE62CF7B44E002D3B4F /* Frameworks */ = {
			isa = PBXFrameworksBuildPhase;
			buildActionMask = 2147483647;
			files = (
				A16EADDB2CFB72DB006F9A58 /* ComposableArchitecture in Frameworks */,
			);
			runOnlyForDeploymentPostprocessing = 0;
		};
		A17CFFFA2CF7B44F002D3B4F /* Frameworks */ = {
			isa = PBXFrameworksBuildPhase;
			buildActionMask = 2147483647;
			files = (
			);
			runOnlyForDeploymentPostprocessing = 0;
		};
/* End PBXFrameworksBuildPhase section */

/* Begin PBXGroup section */
		A17CFFE02CF7B44E002D3B4F = {
			isa = PBXGroup;
			children = (
				A17CFFEB2CF7B44E002D3B4F /* WordCards */,
				A17C00002CF7B44F002D3B4F /* WordCardsTests */,
				A17C000A2CF7B44F002D3B4F /* WordCardsUITests */,
				A17CFFEA2CF7B44E002D3B4F /* Products */,
			);
			sourceTree = "<group>";
		};
		A17CFFEA2CF7B44E002D3B4F /* Products */ = {
			isa = PBXGroup;
			children = (
				A17CFFE92CF7B44E002D3B4F /* WordCards.app */,
				A17CFFFD2CF7B44F002D3B4F /* WordCardsTests.xctest */,
				A17C00072CF7B44F002D3B4F /* WordCardsUITests.xctest */,
			);
			name = Products;
			sourceTree = "<group>";
		};
/* End PBXGroup section */

/* Begin PBXNativeTarget section */
		A17C00062CF7B44F002D3B4F /* WordCardsUITests */ = {
			isa = PBXNativeTarget;
			buildConfigurationList = A17C00182CF7B44F002D3B4F /* Build configuration list for PBXNativeTarget "WordCardsUITests" */;
			buildPhases = (
				A17C00032CF7B44F002D3B4F /* Sources */,
				A17C00042CF7B44F002D3B4F /* Frameworks */,
				A17C00052CF7B44F002D3B4F /* Resources */,
			);
			buildRules = (
			);
			dependencies = (
				A17C00092CF7B44F002D3B4F /* PBXTargetDependency */,
			);
			fileSystemSynchronizedGroups = (
				A17C000A2CF7B44F002D3B4F /* WordCardsUITests */,
			);
			name = WordCardsUITests;
			packageProductDependencies = (
			);
			productName = WordCardsUITests;
			productReference = A17C00072CF7B44F002D3B4F /* WordCardsUITests.xctest */;
			productType = "com.apple.product-type.bundle.ui-testing";
		};
		A17CFFE82CF7B44E002D3B4F /* WordCards */ = {
			isa = PBXNativeTarget;
			buildConfigurationList = A17C00102CF7B44F002D3B4F /* Build configuration list for PBXNativeTarget "WordCards" */;
			buildPhases = (
				A17C002C2CF7BEEE002D3B4F /* Run Linting */,
				A17CFFE52CF7B44E002D3B4F /* Sources */,
				A17CFFE62CF7B44E002D3B4F /* Frameworks */,
				A17CFFE72CF7B44E002D3B4F /* Resources */,
			);
			buildRules = (
			);
			dependencies = (
			);
			fileSystemSynchronizedGroups = (
				A17CFFEB2CF7B44E002D3B4F /* WordCards */,
			);
			name = WordCards;
			packageProductDependencies = (
				A16EADDA2CFB72DB006F9A58 /* ComposableArchitecture */,
			);
			productName = WordCards;
			productReference = A17CFFE92CF7B44E002D3B4F /* WordCards.app */;
			productType = "com.apple.product-type.application";
		};
		A17CFFFC2CF7B44F002D3B4F /* WordCardsTests */ = {
			isa = PBXNativeTarget;
			buildConfigurationList = A17C00152CF7B44F002D3B4F /* Build configuration list for PBXNativeTarget "WordCardsTests" */;
			buildPhases = (
				A17CFFF92CF7B44F002D3B4F /* Sources */,
				A17CFFFA2CF7B44F002D3B4F /* Frameworks */,
				A17CFFFB2CF7B44F002D3B4F /* Resources */,
			);
			buildRules = (
			);
			dependencies = (
				A17CFFFF2CF7B44F002D3B4F /* PBXTargetDependency */,
			);
			fileSystemSynchronizedGroups = (
				A17C00002CF7B44F002D3B4F /* WordCardsTests */,
			);
			name = WordCardsTests;
			packageProductDependencies = (
			);
			productName = WordCardsTests;
			productReference = A17CFFFD2CF7B44F002D3B4F /* WordCardsTests.xctest */;
			productType = "com.apple.product-type.bundle.unit-test";
		};
/* End PBXNativeTarget section */

/* Begin PBXProject section */
		A17CFFE12CF7B44E002D3B4F /* Project object */ = {
			isa = PBXProject;
			attributes = {
				BuildIndependentTargetsInParallel = 1;
				LastSwiftUpdateCheck = 1600;
				LastUpgradeCheck = 1600;
				TargetAttributes = {
					A17C00062CF7B44F002D3B4F = {
						CreatedOnToolsVersion = 16.0;
						TestTargetID = A17CFFE82CF7B44E002D3B4F;
					};
					A17CFFE82CF7B44E002D3B4F = {
						CreatedOnToolsVersion = 16.0;
					};
					A17CFFFC2CF7B44F002D3B4F = {
						CreatedOnToolsVersion = 16.0;
						TestTargetID = A17CFFE82CF7B44E002D3B4F;
					};
				};
			};
			buildConfigurationList = A17CFFE42CF7B44E002D3B4F /* Build configuration list for PBXProject "WordCards" */;
			developmentRegion = en;
			hasScannedForEncodings = 0;
			knownRegions = (
				en,
				Base,
			);
			mainGroup = A17CFFE02CF7B44E002D3B4F;
			minimizedProjectReferenceProxies = 1;
			packageReferences = (
				A16EADD92CFB72DB006F9A58 /* XCRemoteSwiftPackageReference "swift-composable-architecture" */,
			);
			preferredProjectObjectVersion = 77;
			productRefGroup = A17CFFEA2CF7B44E002D3B4F /* Products */;
			projectDirPath = "";
			projectRoot = "";
			targets = (
				A17CFFE82CF7B44E002D3B4F /* WordCards */,
				A17CFFFC2CF7B44F002D3B4F /* WordCardsTests */,
				A17C00062CF7B44F002D3B4F /* WordCardsUITests */,
			);
		};
/* End PBXProject section */

/* Begin PBXResourcesBuildPhase section */
		A17C00052CF7B44F002D3B4F /* Resources */ = {
			isa = PBXResourcesBuildPhase;
			buildActionMask = 2147483647;
			files = (
			);
			runOnlyForDeploymentPostprocessing = 0;
		};
		A17CFFE72CF7B44E002D3B4F /* Resources */ = {
			isa = PBXResourcesBuildPhase;
			buildActionMask = 2147483647;
			files = (
			);
			runOnlyForDeploymentPostprocessing = 0;
		};
		A17CFFFB2CF7B44F002D3B4F /* Resources */ = {
			isa = PBXResourcesBuildPhase;
			buildActionMask = 2147483647;
			files = (
			);
			runOnlyForDeploymentPostprocessing = 0;
		};
/* End PBXResourcesBuildPhase section */

/* Begin PBXShellScriptBuildPhase section */
		A17C002C2CF7BEEE002D3B4F /* Run Linting */ = {
			isa = PBXShellScriptBuildPhase;
			alwaysOutOfDate = 1;
			buildActionMask = 2147483647;
			files = (
			);
			inputFileListPaths = (
			);
			inputPaths = (
			);
			name = "Run Linting";
			outputFileListPaths = (
			);
			outputPaths = (
			);
			runOnlyForDeploymentPostprocessing = 0;
			shellPath = /bin/sh;
			shellScript = "# Exit if running for SwiftUI Previews\n\n# Checking target for previews as a workaround that currently works for Xcode 16\n# https://developer.apple.com/forums/thread/761439?\nif [ -n \"${XCODE_RUNNING_FOR_PREVIEWS}\" ] || [ \"${TARGET_DEVICE_IDENTIFIER}\" = \"1C5B5EEE-93F2-422F-9B6D-9844A84711A8\" ]; then\n  echo \"Skipping script because it's running for SwiftUI Previews.\"\n  exit 0;\nfi\n\nif [[ \"$(uname -m)\" == arm64 ]]; then\n    export PATH=\"/opt/homebrew/bin:$PATH\"\nfi\n\nif which swiftformat > /dev/null; then\n  swiftformat .\nelse\n  echo \"warning: SwiftFormat not installed, download from https://github.com/nicklockwood/SwiftFormat\"\nfi\n";
		};
/* End PBXShellScriptBuildPhase section */

/* Begin PBXSourcesBuildPhase section */
		A17C00032CF7B44F002D3B4F /* Sources */ = {
			isa = PBXSourcesBuildPhase;
			buildActionMask = 2147483647;
			files = (
			);
			runOnlyForDeploymentPostprocessing = 0;
		};
		A17CFFE52CF7B44E002D3B4F /* Sources */ = {
			isa = PBXSourcesBuildPhase;
			buildActionMask = 2147483647;
			files = (
			);
			runOnlyForDeploymentPostprocessing = 0;
		};
		A17CFFF92CF7B44F002D3B4F /* Sources */ = {
			isa = PBXSourcesBuildPhase;
			buildActionMask = 2147483647;
			files = (
			);
			runOnlyForDeploymentPostprocessing = 0;
		};
/* End PBXSourcesBuildPhase section */

/* Begin PBXTargetDependency section */
		A17C00092CF7B44F002D3B4F /* PBXTargetDependency */ = {
			isa = PBXTargetDependency;
			target = A17CFFE82CF7B44E002D3B4F /* WordCards */;
			targetProxy = A17C00082CF7B44F002D3B4F /* PBXContainerItemProxy */;
		};
		A17CFFFF2CF7B44F002D3B4F /* PBXTargetDependency */ = {
			isa = PBXTargetDependency;
			target = A17CFFE82CF7B44E002D3B4F /* WordCards */;
			targetProxy = A17CFFFE2CF7B44F002D3B4F /* PBXContainerItemProxy */;
		};
/* End PBXTargetDependency section */

/* Begin XCBuildConfiguration section */
		A17C00112CF7B44F002D3B4F /* Debug */ = {
			isa = XCBuildConfiguration;
			baseConfigurationReferenceAnchor = A17CFFEB2CF7B44E002D3B4F /* WordCards */;
			baseConfigurationReferenceRelativePath = Resources/Config.xcconfig;
			buildSettings = {
				ASSETCATALOG_COMPILER_APPICON_NAME = AppIcon;
				ASSETCATALOG_COMPILER_GLOBAL_ACCENT_COLOR_NAME = AccentColor;
				CODE_SIGN_ENTITLEMENTS = WordCards/Resources/WordCards.entitlements;
				CODE_SIGN_STYLE = Automatic;
				CURRENT_PROJECT_VERSION = "$(BUILD)";
				DEVELOPMENT_ASSET_PATHS = "\"WordCards/Resources\"";
				DEVELOPMENT_TEAM = C8ZP5CBZNS;
				ENABLE_HARDENED_RUNTIME = YES;
				ENABLE_PREVIEWS = YES;
				ENABLE_USER_SCRIPT_SANDBOXING = NO;
				GENERATE_INFOPLIST_FILE = YES;
				INFOPLIST_FILE = WordCards/Resources/Info.plist;
				"INFOPLIST_KEY_UIApplicationSceneManifest_Generation[sdk=iphoneos*]" = YES;
				"INFOPLIST_KEY_UIApplicationSceneManifest_Generation[sdk=iphonesimulator*]" = YES;
				"INFOPLIST_KEY_UIApplicationSupportsIndirectInputEvents[sdk=iphoneos*]" = YES;
				"INFOPLIST_KEY_UIApplicationSupportsIndirectInputEvents[sdk=iphonesimulator*]" = YES;
				"INFOPLIST_KEY_UILaunchScreen_Generation[sdk=iphoneos*]" = YES;
				"INFOPLIST_KEY_UILaunchScreen_Generation[sdk=iphonesimulator*]" = YES;
				"INFOPLIST_KEY_UIStatusBarStyle[sdk=iphoneos*]" = UIStatusBarStyleDefault;
				"INFOPLIST_KEY_UIStatusBarStyle[sdk=iphonesimulator*]" = UIStatusBarStyleDefault;
				INFOPLIST_KEY_UISupportedInterfaceOrientations_iPad = "UIInterfaceOrientationPortrait UIInterfaceOrientationPortraitUpsideDown UIInterfaceOrientationLandscapeLeft UIInterfaceOrientationLandscapeRight";
				INFOPLIST_KEY_UISupportedInterfaceOrientations_iPhone = "UIInterfaceOrientationPortrait UIInterfaceOrientationLandscapeLeft UIInterfaceOrientationLandscapeRight";
				IPHONEOS_DEPLOYMENT_TARGET = 18.0;
				LD_RUNPATH_SEARCH_PATHS = "@executable_path/Frameworks";
				"LD_RUNPATH_SEARCH_PATHS[sdk=macosx*]" = "@executable_path/../Frameworks";
				MACOSX_DEPLOYMENT_TARGET = 14.0;
				MARKETING_VERSION = "$(VERSION)";
				PRODUCT_BUNDLE_IDENTIFIER = io.github.qstrnd.WordCards;
				PRODUCT_NAME = "$(TARGET_NAME)";
				SDKROOT = auto;
				SUPPORTED_PLATFORMS = "iphoneos iphonesimulator macosx";
				SUPPORTS_MACCATALYST = NO;
				SWIFT_EMIT_LOC_STRINGS = YES;
				SWIFT_VERSION = 6.0;
				TARGETED_DEVICE_FAMILY = "1,2";
				XROS_DEPLOYMENT_TARGET = 2.0;
			};
			name = Debug;
		};
		A17C00122CF7B44F002D3B4F /* Release */ = {
			isa = XCBuildConfiguration;
			baseConfigurationReferenceAnchor = A17CFFEB2CF7B44E002D3B4F /* WordCards */;
			baseConfigurationReferenceRelativePath = Resources/Config.xcconfig;
			buildSettings = {
				ASSETCATALOG_COMPILER_APPICON_NAME = AppIcon;
				ASSETCATALOG_COMPILER_GLOBAL_ACCENT_COLOR_NAME = AccentColor;
				CODE_SIGN_ENTITLEMENTS = WordCards/Resources/WordCards.entitlements;
				CODE_SIGN_STYLE = Automatic;
				CURRENT_PROJECT_VERSION = "$(BUILD)";
				DEVELOPMENT_ASSET_PATHS = "\"WordCards/Resources\"";
				DEVELOPMENT_TEAM = C8ZP5CBZNS;
				ENABLE_HARDENED_RUNTIME = YES;
				ENABLE_PREVIEWS = YES;
				ENABLE_USER_SCRIPT_SANDBOXING = NO;
				GENERATE_INFOPLIST_FILE = YES;
				INFOPLIST_FILE = WordCards/Resources/Info.plist;
				"INFOPLIST_KEY_UIApplicationSceneManifest_Generation[sdk=iphoneos*]" = YES;
				"INFOPLIST_KEY_UIApplicationSceneManifest_Generation[sdk=iphonesimulator*]" = YES;
				"INFOPLIST_KEY_UIApplicationSupportsIndirectInputEvents[sdk=iphoneos*]" = YES;
				"INFOPLIST_KEY_UIApplicationSupportsIndirectInputEvents[sdk=iphonesimulator*]" = YES;
				"INFOPLIST_KEY_UILaunchScreen_Generation[sdk=iphoneos*]" = YES;
				"INFOPLIST_KEY_UILaunchScreen_Generation[sdk=iphonesimulator*]" = YES;
				"INFOPLIST_KEY_UIStatusBarStyle[sdk=iphoneos*]" = UIStatusBarStyleDefault;
				"INFOPLIST_KEY_UIStatusBarStyle[sdk=iphonesimulator*]" = UIStatusBarStyleDefault;
				INFOPLIST_KEY_UISupportedInterfaceOrientations_iPad = "UIInterfaceOrientationPortrait UIInterfaceOrientationPortraitUpsideDown UIInterfaceOrientationLandscapeLeft UIInterfaceOrientationLandscapeRight";
				INFOPLIST_KEY_UISupportedInterfaceOrientations_iPhone = "UIInterfaceOrientationPortrait UIInterfaceOrientationLandscapeLeft UIInterfaceOrientationLandscapeRight";
				IPHONEOS_DEPLOYMENT_TARGET = 18.0;
				LD_RUNPATH_SEARCH_PATHS = "@executable_path/Frameworks";
				"LD_RUNPATH_SEARCH_PATHS[sdk=macosx*]" = "@executable_path/../Frameworks";
				MACOSX_DEPLOYMENT_TARGET = 14.0;
				MARKETING_VERSION = "$(VERSION)";
				PRODUCT_BUNDLE_IDENTIFIER = io.github.qstrnd.WordCards;
				PRODUCT_NAME = "$(TARGET_NAME)";
				SDKROOT = auto;
				SUPPORTED_PLATFORMS = "iphoneos iphonesimulator macosx";
				SUPPORTS_MACCATALYST = NO;
				SWIFT_EMIT_LOC_STRINGS = YES;
				SWIFT_VERSION = 6.0;
				TARGETED_DEVICE_FAMILY = "1,2";
				XROS_DEPLOYMENT_TARGET = 2.0;
			};
			name = Release;
		};
		A17C00132CF7B44F002D3B4F /* Debug */ = {
			isa = XCBuildConfiguration;
			baseConfigurationReferenceAnchor = A17CFFEB2CF7B44E002D3B4F /* WordCards */;
			baseConfigurationReferenceRelativePath = Resources/Config.xcconfig;
			buildSettings = {
				ALWAYS_SEARCH_USER_PATHS = NO;
				ASSETCATALOG_COMPILER_GENERATE_SWIFT_ASSET_SYMBOL_EXTENSIONS = YES;
				CLANG_ANALYZER_NONNULL = YES;
				CLANG_ANALYZER_NUMBER_OBJECT_CONVERSION = YES_AGGRESSIVE;
				CLANG_CXX_LANGUAGE_STANDARD = "gnu++20";
				CLANG_ENABLE_MODULES = YES;
				CLANG_ENABLE_OBJC_ARC = YES;
				CLANG_ENABLE_OBJC_WEAK = YES;
				CLANG_WARN_BLOCK_CAPTURE_AUTORELEASING = YES;
				CLANG_WARN_BOOL_CONVERSION = YES;
				CLANG_WARN_COMMA = YES;
				CLANG_WARN_CONSTANT_CONVERSION = YES;
				CLANG_WARN_DEPRECATED_OBJC_IMPLEMENTATIONS = YES;
				CLANG_WARN_DIRECT_OBJC_ISA_USAGE = YES_ERROR;
				CLANG_WARN_DOCUMENTATION_COMMENTS = YES;
				CLANG_WARN_EMPTY_BODY = YES;
				CLANG_WARN_ENUM_CONVERSION = YES;
				CLANG_WARN_INFINITE_RECURSION = YES;
				CLANG_WARN_INT_CONVERSION = YES;
				CLANG_WARN_NON_LITERAL_NULL_CONVERSION = YES;
				CLANG_WARN_OBJC_IMPLICIT_RETAIN_SELF = YES;
				CLANG_WARN_OBJC_LITERAL_CONVERSION = YES;
				CLANG_WARN_OBJC_ROOT_CLASS = YES_ERROR;
				CLANG_WARN_QUOTED_INCLUDE_IN_FRAMEWORK_HEADER = YES;
				CLANG_WARN_RANGE_LOOP_ANALYSIS = YES;
				CLANG_WARN_STRICT_PROTOTYPES = YES;
				CLANG_WARN_SUSPICIOUS_MOVE = YES;
				CLANG_WARN_UNGUARDED_AVAILABILITY = YES_AGGRESSIVE;
				CLANG_WARN_UNREACHABLE_CODE = YES;
				CLANG_WARN__DUPLICATE_METHOD_MATCH = YES;
				COPY_PHASE_STRIP = NO;
				DEBUG_INFORMATION_FORMAT = dwarf;
				ENABLE_STRICT_OBJC_MSGSEND = YES;
				ENABLE_TESTABILITY = YES;
				ENABLE_USER_SCRIPT_SANDBOXING = YES;
				GCC_C_LANGUAGE_STANDARD = gnu17;
				GCC_DYNAMIC_NO_PIC = NO;
				GCC_NO_COMMON_BLOCKS = YES;
				GCC_OPTIMIZATION_LEVEL = 0;
				GCC_PREPROCESSOR_DEFINITIONS = (
					"DEBUG=1",
					"$(inherited)",
				);
				GCC_WARN_64_TO_32_BIT_CONVERSION = YES;
				GCC_WARN_ABOUT_RETURN_TYPE = YES_ERROR;
				GCC_WARN_UNDECLARED_SELECTOR = YES;
				GCC_WARN_UNINITIALIZED_AUTOS = YES_AGGRESSIVE;
				GCC_WARN_UNUSED_FUNCTION = YES;
				GCC_WARN_UNUSED_VARIABLE = YES;
				LOCALIZATION_PREFERS_STRING_CATALOGS = YES;
				MTL_ENABLE_DEBUG_INFO = INCLUDE_SOURCE;
				MTL_FAST_MATH = YES;
				ONLY_ACTIVE_ARCH = YES;
				SWIFT_ACTIVE_COMPILATION_CONDITIONS = "DEBUG $(inherited)";
				SWIFT_OPTIMIZATION_LEVEL = "-Onone";
			};
			name = Debug;
		};
		A17C00142CF7B44F002D3B4F /* Release */ = {
			isa = XCBuildConfiguration;
			baseConfigurationReferenceAnchor = A17CFFEB2CF7B44E002D3B4F /* WordCards */;
			baseConfigurationReferenceRelativePath = Resources/Config.xcconfig;
			buildSettings = {
				ALWAYS_SEARCH_USER_PATHS = NO;
				ASSETCATALOG_COMPILER_GENERATE_SWIFT_ASSET_SYMBOL_EXTENSIONS = YES;
				CLANG_ANALYZER_NONNULL = YES;
				CLANG_ANALYZER_NUMBER_OBJECT_CONVERSION = YES_AGGRESSIVE;
				CLANG_CXX_LANGUAGE_STANDARD = "gnu++20";
				CLANG_ENABLE_MODULES = YES;
				CLANG_ENABLE_OBJC_ARC = YES;
				CLANG_ENABLE_OBJC_WEAK = YES;
				CLANG_WARN_BLOCK_CAPTURE_AUTORELEASING = YES;
				CLANG_WARN_BOOL_CONVERSION = YES;
				CLANG_WARN_COMMA = YES;
				CLANG_WARN_CONSTANT_CONVERSION = YES;
				CLANG_WARN_DEPRECATED_OBJC_IMPLEMENTATIONS = YES;
				CLANG_WARN_DIRECT_OBJC_ISA_USAGE = YES_ERROR;
				CLANG_WARN_DOCUMENTATION_COMMENTS = YES;
				CLANG_WARN_EMPTY_BODY = YES;
				CLANG_WARN_ENUM_CONVERSION = YES;
				CLANG_WARN_INFINITE_RECURSION = YES;
				CLANG_WARN_INT_CONVERSION = YES;
				CLANG_WARN_NON_LITERAL_NULL_CONVERSION = YES;
				CLANG_WARN_OBJC_IMPLICIT_RETAIN_SELF = YES;
				CLANG_WARN_OBJC_LITERAL_CONVERSION = YES;
				CLANG_WARN_OBJC_ROOT_CLASS = YES_ERROR;
				CLANG_WARN_QUOTED_INCLUDE_IN_FRAMEWORK_HEADER = YES;
				CLANG_WARN_RANGE_LOOP_ANALYSIS = YES;
				CLANG_WARN_STRICT_PROTOTYPES = YES;
				CLANG_WARN_SUSPICIOUS_MOVE = YES;
				CLANG_WARN_UNGUARDED_AVAILABILITY = YES_AGGRESSIVE;
				CLANG_WARN_UNREACHABLE_CODE = YES;
				CLANG_WARN__DUPLICATE_METHOD_MATCH = YES;
				COPY_PHASE_STRIP = NO;
				DEBUG_INFORMATION_FORMAT = "dwarf-with-dsym";
				ENABLE_NS_ASSERTIONS = NO;
				ENABLE_STRICT_OBJC_MSGSEND = YES;
				ENABLE_USER_SCRIPT_SANDBOXING = YES;
				GCC_C_LANGUAGE_STANDARD = gnu17;
				GCC_NO_COMMON_BLOCKS = YES;
				GCC_WARN_64_TO_32_BIT_CONVERSION = YES;
				GCC_WARN_ABOUT_RETURN_TYPE = YES_ERROR;
				GCC_WARN_UNDECLARED_SELECTOR = YES;
				GCC_WARN_UNINITIALIZED_AUTOS = YES_AGGRESSIVE;
				GCC_WARN_UNUSED_FUNCTION = YES;
				GCC_WARN_UNUSED_VARIABLE = YES;
				LOCALIZATION_PREFERS_STRING_CATALOGS = YES;
				MTL_ENABLE_DEBUG_INFO = NO;
				MTL_FAST_MATH = YES;
				SWIFT_COMPILATION_MODE = wholemodule;
			};
			name = Release;
		};
		A17C00162CF7B44F002D3B4F /* Debug */ = {
			isa = XCBuildConfiguration;
			baseConfigurationReferenceAnchor = A17CFFEB2CF7B44E002D3B4F /* WordCards */;
			baseConfigurationReferenceRelativePath = Resources/Config.xcconfig;
			buildSettings = {
				BUNDLE_LOADER = "$(TEST_HOST)";
				CODE_SIGN_STYLE = Automatic;
				CURRENT_PROJECT_VERSION = 1;
				DEVELOPMENT_TEAM = C8ZP5CBZNS;
				GENERATE_INFOPLIST_FILE = YES;
				IPHONEOS_DEPLOYMENT_TARGET = 18.0;
				MACOSX_DEPLOYMENT_TARGET = 15.0;
				MARKETING_VERSION = 1.0;
				PRODUCT_BUNDLE_IDENTIFIER = io.github.qstrnd.WordCardsTests;
				PRODUCT_NAME = "$(TARGET_NAME)";
				SDKROOT = auto;
				SUPPORTED_PLATFORMS = "iphoneos iphonesimulator macosx xros xrsimulator";
				SWIFT_EMIT_LOC_STRINGS = NO;
				SWIFT_VERSION = 5.0;
				TARGETED_DEVICE_FAMILY = "1,2,7";
				TEST_HOST = "$(BUILT_PRODUCTS_DIR)/WordCards.app/$(BUNDLE_EXECUTABLE_FOLDER_PATH)/WordCards";
				XROS_DEPLOYMENT_TARGET = 2.0;
			};
			name = Debug;
		};
		A17C00172CF7B44F002D3B4F /* Release */ = {
			isa = XCBuildConfiguration;
			baseConfigurationReferenceAnchor = A17CFFEB2CF7B44E002D3B4F /* WordCards */;
			baseConfigurationReferenceRelativePath = Resources/Config.xcconfig;
			buildSettings = {
				BUNDLE_LOADER = "$(TEST_HOST)";
				CODE_SIGN_STYLE = Automatic;
				CURRENT_PROJECT_VERSION = 1;
				DEVELOPMENT_TEAM = C8ZP5CBZNS;
				GENERATE_INFOPLIST_FILE = YES;
				IPHONEOS_DEPLOYMENT_TARGET = 18.0;
				MACOSX_DEPLOYMENT_TARGET = 15.0;
				MARKETING_VERSION = 1.0;
				PRODUCT_BUNDLE_IDENTIFIER = io.github.qstrnd.WordCardsTests;
				PRODUCT_NAME = "$(TARGET_NAME)";
				SDKROOT = auto;
				SUPPORTED_PLATFORMS = "iphoneos iphonesimulator macosx xros xrsimulator";
				SWIFT_EMIT_LOC_STRINGS = NO;
				SWIFT_VERSION = 5.0;
				TARGETED_DEVICE_FAMILY = "1,2,7";
				TEST_HOST = "$(BUILT_PRODUCTS_DIR)/WordCards.app/$(BUNDLE_EXECUTABLE_FOLDER_PATH)/WordCards";
				XROS_DEPLOYMENT_TARGET = 2.0;
			};
			name = Release;
		};
		A17C00192CF7B44F002D3B4F /* Debug */ = {
			isa = XCBuildConfiguration;
			baseConfigurationReferenceAnchor = A17CFFEB2CF7B44E002D3B4F /* WordCards */;
			baseConfigurationReferenceRelativePath = Resources/Config.xcconfig;
			buildSettings = {
				CODE_SIGN_STYLE = Automatic;
				CURRENT_PROJECT_VERSION = 1;
				DEVELOPMENT_TEAM = C8ZP5CBZNS;
				GENERATE_INFOPLIST_FILE = YES;
				IPHONEOS_DEPLOYMENT_TARGET = 18.0;
				MACOSX_DEPLOYMENT_TARGET = 15.0;
				MARKETING_VERSION = 1.0;
				PRODUCT_BUNDLE_IDENTIFIER = io.github.qstrnd.WordCardsUITests;
				PRODUCT_NAME = "$(TARGET_NAME)";
				SDKROOT = auto;
				SUPPORTED_PLATFORMS = "iphoneos iphonesimulator macosx xros xrsimulator";
				SWIFT_EMIT_LOC_STRINGS = NO;
				SWIFT_VERSION = 5.0;
				TARGETED_DEVICE_FAMILY = "1,2,7";
				TEST_TARGET_NAME = WordCards;
				XROS_DEPLOYMENT_TARGET = 2.0;
			};
			name = Debug;
		};
		A17C001A2CF7B44F002D3B4F /* Release */ = {
			isa = XCBuildConfiguration;
			baseConfigurationReferenceAnchor = A17CFFEB2CF7B44E002D3B4F /* WordCards */;
			baseConfigurationReferenceRelativePath = Resources/Config.xcconfig;
			buildSettings = {
				CODE_SIGN_STYLE = Automatic;
				CURRENT_PROJECT_VERSION = 1;
				DEVELOPMENT_TEAM = C8ZP5CBZNS;
				GENERATE_INFOPLIST_FILE = YES;
				IPHONEOS_DEPLOYMENT_TARGET = 18.0;
				MACOSX_DEPLOYMENT_TARGET = 15.0;
				MARKETING_VERSION = 1.0;
				PRODUCT_BUNDLE_IDENTIFIER = io.github.qstrnd.WordCardsUITests;
				PRODUCT_NAME = "$(TARGET_NAME)";
				SDKROOT = auto;
				SUPPORTED_PLATFORMS = "iphoneos iphonesimulator macosx xros xrsimulator";
				SWIFT_EMIT_LOC_STRINGS = NO;
				SWIFT_VERSION = 5.0;
				TARGETED_DEVICE_FAMILY = "1,2,7";
				TEST_TARGET_NAME = WordCards;
				XROS_DEPLOYMENT_TARGET = 2.0;
			};
			name = Release;
		};
/* End XCBuildConfiguration section */

/* Begin XCConfigurationList section */
		A17C00102CF7B44F002D3B4F /* Build configuration list for PBXNativeTarget "WordCards" */ = {
			isa = XCConfigurationList;
			buildConfigurations = (
				A17C00112CF7B44F002D3B4F /* Debug */,
				A17C00122CF7B44F002D3B4F /* Release */,
			);
			defaultConfigurationIsVisible = 0;
			defaultConfigurationName = Release;
		};
		A17C00152CF7B44F002D3B4F /* Build configuration list for PBXNativeTarget "WordCardsTests" */ = {
			isa = XCConfigurationList;
			buildConfigurations = (
				A17C00162CF7B44F002D3B4F /* Debug */,
				A17C00172CF7B44F002D3B4F /* Release */,
			);
			defaultConfigurationIsVisible = 0;
			defaultConfigurationName = Release;
		};
		A17C00182CF7B44F002D3B4F /* Build configuration list for PBXNativeTarget "WordCardsUITests" */ = {
			isa = XCConfigurationList;
			buildConfigurations = (
				A17C00192CF7B44F002D3B4F /* Debug */,
				A17C001A2CF7B44F002D3B4F /* Release */,
			);
			defaultConfigurationIsVisible = 0;
			defaultConfigurationName = Release;
		};
		A17CFFE42CF7B44E002D3B4F /* Build configuration list for PBXProject "WordCards" */ = {
			isa = XCConfigurationList;
			buildConfigurations = (
				A17C00132CF7B44F002D3B4F /* Debug */,
				A17C00142CF7B44F002D3B4F /* Release */,
			);
			defaultConfigurationIsVisible = 0;
			defaultConfigurationName = Release;
		};
/* End XCConfigurationList section */

/* Begin XCRemoteSwiftPackageReference section */
		A16EADD92CFB72DB006F9A58 /* XCRemoteSwiftPackageReference "swift-composable-architecture" */ = {
			isa = XCRemoteSwiftPackageReference;
			repositoryURL = "https://github.com/pointfreeco/swift-composable-architecture";
			requirement = {
				kind = upToNextMajorVersion;
				minimumVersion = 1.16.1;
			};
		};
/* End XCRemoteSwiftPackageReference section */

/* Begin XCSwiftPackageProductDependency section */
		A16EADDA2CFB72DB006F9A58 /* ComposableArchitecture */ = {
			isa = XCSwiftPackageProductDependency;
			package = A16EADD92CFB72DB006F9A58 /* XCRemoteSwiftPackageReference "swift-composable-architecture" */;
			productName = ComposableArchitecture;
		};
/* End XCSwiftPackageProductDependency section */
	};
	rootObject = A17CFFE12CF7B44E002D3B4F /* Project object */;
}
